
Microsoft Visual Studio Solution File, Format Version 12.00
# Visual Studio Version 17
VisualStudioVersion = 17.0.32014.148
MinimumVisualStudioVersion = 10.0.40219.1
Project("{9A19103F-16F7-4668-BE54-9A1E7A4F7556}") = "RabbitMqAttempt.publisher", "RabbitMqAttempt\RabbitMqAttempt.publisher.csproj", "{49F66357-0E12-4AB2-8F2D-75924CEA6237}"
EndProject
Project("{9A19103F-16F7-4668-BE54-9A1E7A4F7556}") = "RabbitMq.subscriber", "RabbitMq.subscriber\RabbitMq.subscriber.csproj", "{1F6411BA-B1A7-4324-9DB9-8B8EEC94A4BF}"
EndProject
Project("{9A19103F-16F7-4668-BE54-9A1E7A4F7556}") = "RabbitMqAttempt.publisherWithExchange", "RabbitMqAttempt.publisherWithExchange\RabbitMqAttempt.publisherWithExchange.csproj", "{2B1E8768-B6CA-4162-B28F-D172A2B44531}"
EndProject
Project("{9A19103F-16F7-4668-BE54-9A1E7A4F7556}") = "RabbitMtAttempt.sucscriberWithExchange", "RabbitMtAttempt.sucscriberWithExchange\RabbitMtAttempt.sucscriberWithExchange.csproj", "{AB396F4C-1D2C-4D81-BFBC-D0A6F7614717}"
EndProject
Project("{2150E333-8FDC-42A3-9474-1A3956D46DE8}") = "WithoutExchange", "WithoutExchange", "{83A424EB-E40E-4573-90FE-37059E75FE06}"
EndProject
Project("{2150E333-8FDC-42A3-9474-1A3956D46DE8}") = "ExchangeFanout", "ExchangeFanout", "{3F419B6C-4F2B-4E03-B775-EA873AACB557}"
EndProject
Project("{2150E333-8FDC-42A3-9474-1A3956D46DE8}") = "ExchangeDirect", "ExchangeDirect", "{38BE374A-D835-4B1B-958D-A9FB22CC98D3}"
EndProject
Project("{9A19103F-16F7-4668-BE54-9A1E7A4F7556}") = "RabbitMqAttempt.publisherWithDirectExchange", "RabbitMqAttempt.publisherWithDirectExchange\RabbitMqAttempt.publisherWithDirectExchange.csproj", "{D5FA79CD-41F6-48C6-937F-E1C01E6484D1}"
EndProject
Project("{9A19103F-16F7-4668-BE54-9A1E7A4F7556}") = "RabbitMqAttempt.subscriberWithDirectExchange", "RabbitMqAttempt.subscriberWithDirectExchange\RabbitMqAttempt.subscriberWithDirectExchange.csproj", "{59AD4EA3-F661-4F46-8943-F63AE466B839}"
EndProject
Project("{2150E333-8FDC-42A3-9474-1A3956D46DE8}") = "ExchangeTopic", "ExchangeTopic", "{6319E0E8-D08D-4587-9CB9-384BFFEDC407}"
EndProject
Project("{9A19103F-16F7-4668-BE54-9A1E7A4F7556}") = "RabbitMqAttempt.publisherWithTopicExchange", "RabbitMqAttempt.publisherWithDirectTopic\RabbitMqAttempt.publisherWithTopicExchange.csproj", "{229395C6-403E-45A3-A5F1-29A676C148B3}"
EndProject
Project("{9A19103F-16F7-4668-BE54-9A1E7A4F7556}") = "RabbitMqAttempt.subscriberWithTopicExchange", "RabbitMqAttempt.subscriberWithDirectTopic\RabbitMqAttempt.subscriberWithTopicExchange.csproj", "{E76344A5-1316-47B2-8172-EAA95931C5BA}"
EndProject
Project("{2150E333-8FDC-42A3-9474-1A3956D46DE8}") = "ExchangeHeader", "ExchangeHeader", "{788BF7C4-B3F9-406A-99E3-366A71F79901}"
EndProject
Project("{9A19103F-16F7-4668-BE54-9A1E7A4F7556}") = "RabbitMqAttempt.publisherWithHeaderExchange", "RabbitMqAttempt.publisherWithDirectHeader\RabbitMqAttempt.publisherWithHeaderExchange.csproj", "{BD05A2CC-A5CE-4B1C-A48C-8E1C2D4ED431}"
EndProject
Project("{9A19103F-16F7-4668-BE54-9A1E7A4F7556}") = "RabbitMqAttempt.subscriberWithHeaderExchange", "RabbitMqAttempt.subscriberWithDirectHeader\RabbitMqAttempt.subscriberWithHeaderExchange.csproj", "{00480A6F-77BF-458E-ABF7-67440426F225}"
EndProject
Project("{2150E333-8FDC-42A3-9474-1A3956D46DE8}") = "ProjectWatermark", "ProjectWatermark", "{CACC37D7-E6B7-415A-BD7B-6048499D2712}"
EndProject
Project("{9A19103F-16F7-4668-BE54-9A1E7A4F7556}") = "RabbitmqWatermark", "RabbitmqWatermark\RabbitmqWatermark.csproj", "{E462044C-6429-4DEF-AAA4-172794F8D0DB}"
EndProject
Project("{2150E333-8FDC-42A3-9474-1A3956D46DE8}") = "ProjectExcelCreate", "ProjectExcelCreate", "{F74DE3F3-3E69-42B2-8A71-BF370ED9D44C}"
EndProject
Project("{9A19103F-16F7-4668-BE54-9A1E7A4F7556}") = "RabbitMq.ExcelCreate", "RabbitMq.ExcelCreate\RabbitMq.ExcelCreate.csproj", "{66DCC041-917C-48C2-886D-F90A2EF24A17}"
EndProject
Project("{9A19103F-16F7-4668-BE54-9A1E7A4F7556}") = "Shared", "Shared\Shared.csproj", "{2B5C776D-82B8-49CA-A35A-FAFFE40A21B7}"
EndProject
Project("{FAE04EC0-301F-11D3-BF4B-00C04F79EFBC}") = "FileCreateWorkerService", "FileCreateWorkerService\FileCreateWorkerService.csproj", "{A3E98742-0877-4268-B677-C2B75AFF8CC7}"
EndProject
Global
	GlobalSection(SolutionConfigurationPlatforms) = preSolution
		Debug|Any CPU = Debug|Any CPU
		Release|Any CPU = Release|Any CPU
	EndGlobalSection
	GlobalSection(ProjectConfigurationPlatforms) = postSolution
		{49F66357-0E12-4AB2-8F2D-75924CEA6237}.Debug|Any CPU.ActiveCfg = Debug|Any CPU
		{49F66357-0E12-4AB2-8F2D-75924CEA6237}.Debug|Any CPU.Build.0 = Debug|Any CPU
		{49F66357-0E12-4AB2-8F2D-75924CEA6237}.Release|Any CPU.ActiveCfg = Release|Any CPU
		{49F66357-0E12-4AB2-8F2D-75924CEA6237}.Release|Any CPU.Build.0 = Release|Any CPU
		{1F6411BA-B1A7-4324-9DB9-8B8EEC94A4BF}.Debug|Any CPU.ActiveCfg = Debug|Any CPU
		{1F6411BA-B1A7-4324-9DB9-8B8EEC94A4BF}.Debug|Any CPU.Build.0 = Debug|Any CPU
		{1F6411BA-B1A7-4324-9DB9-8B8EEC94A4BF}.Release|Any CPU.ActiveCfg = Release|Any CPU
		{1F6411BA-B1A7-4324-9DB9-8B8EEC94A4BF}.Release|Any CPU.Build.0 = Release|Any CPU
		{2B1E8768-B6CA-4162-B28F-D172A2B44531}.Debug|Any CPU.ActiveCfg = Debug|Any CPU
		{2B1E8768-B6CA-4162-B28F-D172A2B44531}.Debug|Any CPU.Build.0 = Debug|Any CPU
		{2B1E8768-B6CA-4162-B28F-D172A2B44531}.Release|Any CPU.ActiveCfg = Release|Any CPU
		{2B1E8768-B6CA-4162-B28F-D172A2B44531}.Release|Any CPU.Build.0 = Release|Any CPU
		{AB396F4C-1D2C-4D81-BFBC-D0A6F7614717}.Debug|Any CPU.ActiveCfg = Debug|Any CPU
		{AB396F4C-1D2C-4D81-BFBC-D0A6F7614717}.Debug|Any CPU.Build.0 = Debug|Any CPU
		{AB396F4C-1D2C-4D81-BFBC-D0A6F7614717}.Release|Any CPU.ActiveCfg = Release|Any CPU
		{AB396F4C-1D2C-4D81-BFBC-D0A6F7614717}.Release|Any CPU.Build.0 = Release|Any CPU
		{D5FA79CD-41F6-48C6-937F-E1C01E6484D1}.Debug|Any CPU.ActiveCfg = Debug|Any CPU
		{D5FA79CD-41F6-48C6-937F-E1C01E6484D1}.Debug|Any CPU.Build.0 = Debug|Any CPU
		{D5FA79CD-41F6-48C6-937F-E1C01E6484D1}.Release|Any CPU.ActiveCfg = Release|Any CPU
		{D5FA79CD-41F6-48C6-937F-E1C01E6484D1}.Release|Any CPU.Build.0 = Release|Any CPU
		{59AD4EA3-F661-4F46-8943-F63AE466B839}.Debug|Any CPU.ActiveCfg = Debug|Any CPU
		{59AD4EA3-F661-4F46-8943-F63AE466B839}.Debug|Any CPU.Build.0 = Debug|Any CPU
		{59AD4EA3-F661-4F46-8943-F63AE466B839}.Release|Any CPU.ActiveCfg = Release|Any CPU
		{59AD4EA3-F661-4F46-8943-F63AE466B839}.Release|Any CPU.Build.0 = Release|Any CPU
		{229395C6-403E-45A3-A5F1-29A676C148B3}.Debug|Any CPU.ActiveCfg = Debug|Any CPU
		{229395C6-403E-45A3-A5F1-29A676C148B3}.Debug|Any CPU.Build.0 = Debug|Any CPU
		{229395C6-403E-45A3-A5F1-29A676C148B3}.Release|Any CPU.ActiveCfg = Release|Any CPU
		{229395C6-403E-45A3-A5F1-29A676C148B3}.Release|Any CPU.Build.0 = Release|Any CPU
		{E76344A5-1316-47B2-8172-EAA95931C5BA}.Debug|Any CPU.ActiveCfg = Debug|Any CPU
		{E76344A5-1316-47B2-8172-EAA95931C5BA}.Debug|Any CPU.Build.0 = Debug|Any CPU
		{E76344A5-1316-47B2-8172-EAA95931C5BA}.Release|Any CPU.ActiveCfg = Release|Any CPU
		{E76344A5-1316-47B2-8172-EAA95931C5BA}.Release|Any CPU.Build.0 = Release|Any CPU
		{BD05A2CC-A5CE-4B1C-A48C-8E1C2D4ED431}.Debug|Any CPU.ActiveCfg = Debug|Any CPU
		{BD05A2CC-A5CE-4B1C-A48C-8E1C2D4ED431}.Debug|Any CPU.Build.0 = Debug|Any CPU
		{BD05A2CC-A5CE-4B1C-A48C-8E1C2D4ED431}.Release|Any CPU.ActiveCfg = Release|Any CPU
		{BD05A2CC-A5CE-4B1C-A48C-8E1C2D4ED431}.Release|Any CPU.Build.0 = Release|Any CPU
		{00480A6F-77BF-458E-ABF7-67440426F225}.Debug|Any CPU.ActiveCfg = Debug|Any CPU
		{00480A6F-77BF-458E-ABF7-67440426F225}.Debug|Any CPU.Build.0 = Debug|Any CPU
		{00480A6F-77BF-458E-ABF7-67440426F225}.Release|Any CPU.ActiveCfg = Release|Any CPU
		{00480A6F-77BF-458E-ABF7-67440426F225}.Release|Any CPU.Build.0 = Release|Any CPU
		{E462044C-6429-4DEF-AAA4-172794F8D0DB}.Debug|Any CPU.ActiveCfg = Debug|Any CPU
		{E462044C-6429-4DEF-AAA4-172794F8D0DB}.Debug|Any CPU.Build.0 = Debug|Any CPU
		{E462044C-6429-4DEF-AAA4-172794F8D0DB}.Release|Any CPU.ActiveCfg = Release|Any CPU
		{E462044C-6429-4DEF-AAA4-172794F8D0DB}.Release|Any CPU.Build.0 = Release|Any CPU
		{66DCC041-917C-48C2-886D-F90A2EF24A17}.Debug|Any CPU.ActiveCfg = Debug|Any CPU
		{66DCC041-917C-48C2-886D-F90A2EF24A17}.Debug|Any CPU.Build.0 = Debug|Any CPU
		{66DCC041-917C-48C2-886D-F90A2EF24A17}.Release|Any CPU.ActiveCfg = Release|Any CPU
		{66DCC041-917C-48C2-886D-F90A2EF24A17}.Release|Any CPU.Build.0 = Release|Any CPU
		{2B5C776D-82B8-49CA-A35A-FAFFE40A21B7}.Debug|Any CPU.ActiveCfg = Debug|Any CPU
		{2B5C776D-82B8-49CA-A35A-FAFFE40A21B7}.Debug|Any CPU.Build.0 = Debug|Any CPU
		{2B5C776D-82B8-49CA-A35A-FAFFE40A21B7}.Release|Any CPU.ActiveCfg = Release|Any CPU
		{2B5C776D-82B8-49CA-A35A-FAFFE40A21B7}.Release|Any CPU.Build.0 = Release|Any CPU
		{A3E98742-0877-4268-B677-C2B75AFF8CC7}.Debug|Any CPU.ActiveCfg = Debug|Any CPU
		{A3E98742-0877-4268-B677-C2B75AFF8CC7}.Debug|Any CPU.Build.0 = Debug|Any CPU
		{A3E98742-0877-4268-B677-C2B75AFF8CC7}.Release|Any CPU.ActiveCfg = Release|Any CPU
		{A3E98742-0877-4268-B677-C2B75AFF8CC7}.Release|Any CPU.Build.0 = Release|Any CPU
	EndGlobalSection
	GlobalSection(SolutionProperties) = preSolution
		HideSolutionNode = FALSE
	EndGlobalSection
	GlobalSection(NestedProjects) = preSolution
		{49F66357-0E12-4AB2-8F2D-75924CEA6237} = {83A424EB-E40E-4573-90FE-37059E75FE06}
		{1F6411BA-B1A7-4324-9DB9-8B8EEC94A4BF} = {83A424EB-E40E-4573-90FE-37059E75FE06}
		{2B1E8768-B6CA-4162-B28F-D172A2B44531} = {3F419B6C-4F2B-4E03-B775-EA873AACB557}
		{AB396F4C-1D2C-4D81-BFBC-D0A6F7614717} = {3F419B6C-4F2B-4E03-B775-EA873AACB557}
		{D5FA79CD-41F6-48C6-937F-E1C01E6484D1} = {38BE374A-D835-4B1B-958D-A9FB22CC98D3}
		{59AD4EA3-F661-4F46-8943-F63AE466B839} = {38BE374A-D835-4B1B-958D-A9FB22CC98D3}
		{229395C6-403E-45A3-A5F1-29A676C148B3} = {6319E0E8-D08D-4587-9CB9-384BFFEDC407}
		{E76344A5-1316-47B2-8172-EAA95931C5BA} = {6319E0E8-D08D-4587-9CB9-384BFFEDC407}
		{BD05A2CC-A5CE-4B1C-A48C-8E1C2D4ED431} = {788BF7C4-B3F9-406A-99E3-366A71F79901}
		{00480A6F-77BF-458E-ABF7-67440426F225} = {788BF7C4-B3F9-406A-99E3-366A71F79901}
		{E462044C-6429-4DEF-AAA4-172794F8D0DB} = {CACC37D7-E6B7-415A-BD7B-6048499D2712}
		{66DCC041-917C-48C2-886D-F90A2EF24A17} = {F74DE3F3-3E69-42B2-8A71-BF370ED9D44C}
		{2B5C776D-82B8-49CA-A35A-FAFFE40A21B7} = {F74DE3F3-3E69-42B2-8A71-BF370ED9D44C}
		{A3E98742-0877-4268-B677-C2B75AFF8CC7} = {F74DE3F3-3E69-42B2-8A71-BF370ED9D44C}
	EndGlobalSection
	GlobalSection(ExtensibilityGlobals) = postSolution
		SolutionGuid = {6136D638-55DA-4D64-857A-2D610CD85EF9}
	EndGlobalSection
EndGlobal
